github.com/GreedHub/battleship-event-sourcing/backend/services/commons v0.0.0-20230107182747-cb5e3549f1c2 h1:KG1Eimgenscx6r2UoFONEam185IPm85foNxTmdVlPAI=
github.com/GreedHub/battleship-event-sourcing/backend/services/commons v0.0.0-20230107182747-cb5e3549f1c2/go.mod h1:nrAU31vK+RCXndJGgNpgRNiJ8gYIWZxHc8blNfzZ8t4=
